
Microsoft Visual Studio Solution File, Format Version 12.00
# Visual Studio Version 17
VisualStudioVersion = 17.3.32804.467
MinimumVisualStudioVersion = 10.0.40219.1
Project("{FAE04EC0-301F-11D3-BF4B-00C04F79EFBC}") = "AdminPanel", "AdminPanel.csproj", "{2951A1D0-1400-40C6-B89F-EED2BC4D2B87}"
EndProject
Project("{FAE04EC0-301F-11D3-BF4B-00C04F79EFBC}") = "AdminPanel.BLL", "..\AdminPanel.BLL\AdminPanel.BLL.csproj", "{E3824AEC-FF0A-4945-8F34-B50D843A038B}"
EndProject
Project("{FAE04EC0-301F-11D3-BF4B-00C04F79EFBC}") = "AdminPanel.DAL", "..\AdminPanel.DAL\AdminPanel.DAL.csproj", "{C0BA87FD-D9C1-4F95-8857-F62F80776046}"
EndProject
Project("{FAE04EC0-301F-11D3-BF4B-00C04F79EFBC}") = "AdminPanel.Entities", "..\AdminPanel.Entities\AdminPanel.Entities.csproj", "{9AB1698C-82CF-49D6-AED5-9391D134CFAC}"
EndProject
Project("{FAE04EC0-301F-11D3-BF4B-00C04F79EFBC}") = "AdminPanel.Models", "..\AdminPanel.Models\AdminPanel.Models.csproj", "{0F55D51F-1DF2-4DBF-A960-141D008880EF}"
EndProject
Global
	GlobalSection(SolutionConfigurationPlatforms) = preSolution
		Debug|Any CPU = Debug|Any CPU
		Release|Any CPU = Release|Any CPU
	EndGlobalSection
	GlobalSection(ProjectConfigurationPlatforms) = postSolution
		{2951A1D0-1400-40C6-B89F-EED2BC4D2B87}.Debug|Any CPU.ActiveCfg = Debug|Any CPU
		{2951A1D0-1400-40C6-B89F-EED2BC4D2B87}.Debug|Any CPU.Build.0 = Debug|Any CPU
		{2951A1D0-1400-40C6-B89F-EED2BC4D2B87}.Release|Any CPU.ActiveCfg = Release|Any CPU
		{2951A1D0-1400-40C6-B89F-EED2BC4D2B87}.Release|Any CPU.Build.0 = Release|Any CPU
		{E3824AEC-FF0A-4945-8F34-B50D843A038B}.Debug|Any CPU.ActiveCfg = Debug|Any CPU
		{E3824AEC-FF0A-4945-8F34-B50D843A038B}.Debug|Any CPU.Build.0 = Debug|Any CPU
		{E3824AEC-FF0A-4945-8F34-B50D843A038B}.Release|Any CPU.ActiveCfg = Release|Any CPU
		{E3824AEC-FF0A-4945-8F34-B50D843A038B}.Release|Any CPU.Build.0 = Release|Any CPU
		{C0BA87FD-D9C1-4F95-8857-F62F80776046}.Debug|Any CPU.ActiveCfg = Debug|Any CPU
		{C0BA87FD-D9C1-4F95-8857-F62F80776046}.Debug|Any CPU.Build.0 = Debug|Any CPU
		{C0BA87FD-D9C1-4F95-8857-F62F80776046}.Release|Any CPU.ActiveCfg = Release|Any CPU
		{C0BA87FD-D9C1-4F95-8857-F62F80776046}.Release|Any CPU.Build.0 = Release|Any CPU
		{9AB1698C-82CF-49D6-AED5-9391D134CFAC}.Debug|Any CPU.ActiveCfg = Debug|Any CPU
		{9AB1698C-82CF-49D6-AED5-9391D134CFAC}.Debug|Any CPU.Build.0 = Debug|Any CPU
		{9AB1698C-82CF-49D6-AED5-9391D134CFAC}.Release|Any CPU.ActiveCfg = Release|Any CPU
		{9AB1698C-82CF-49D6-AED5-9391D134CFAC}.Release|Any CPU.Build.0 = Release|Any CPU
		{0F55D51F-1DF2-4DBF-A960-141D008880EF}.Debug|Any CPU.ActiveCfg = Debug|Any CPU
		{0F55D51F-1DF2-4DBF-A960-141D008880EF}.Debug|Any CPU.Build.0 = Debug|Any CPU
		{0F55D51F-1DF2-4DBF-A960-141D008880EF}.Release|Any CPU.ActiveCfg = Release|Any CPU
		{0F55D51F-1DF2-4DBF-A960-141D008880EF}.Release|Any CPU.Build.0 = Release|Any CPU
	EndGlobalSection
	GlobalSection(SolutionProperties) = preSolution
		HideSolutionNode = FALSE
	EndGlobalSection
	GlobalSection(ExtensibilityGlobals) = postSolution
		SolutionGuid = {F39FEF00-C397-46B0-B891-D44CF720BE60}
	EndGlobalSection
EndGlobal
